
Microsoft Visual Studio Solution File, Format Version 12.00
# Visual Studio 15
VisualStudioVersion = 15.0.28307.329
MinimumVisualStudioVersion = 10.0.40219.1
Project("{FAE04EC0-301F-11D3-BF4B-00C04F79EFBC}") = "JecoSushi", "JecoSushi\JecoSushi.csproj", "{625E0515-BFAF-4426-882B-85E847BF77DE}"
EndProject
Global
	GlobalSection(SolutionConfigurationPlatforms) = preSolution
		Debug|Any CPU = Debug|Any CPU
		Release|Any CPU = Release|Any CPU
	EndGlobalSection
	GlobalSection(ProjectConfigurationPlatforms) = postSolution
		{625E0515-BFAF-4426-882B-85E847BF77DE}.Debug|Any CPU.ActiveCfg = Debug|Any CPU
		{625E0515-BFAF-4426-882B-85E847BF77DE}.Debug|Any CPU.Build.0 = Debug|Any CPU
		{625E0515-BFAF-4426-882B-85E847BF77DE}.Release|Any CPU.ActiveCfg = Release|Any CPU
		{625E0515-BFAF-4426-882B-85E847BF77DE}.Release|Any CPU.Build.0 = Release|Any CPU
	EndGlobalSection
	GlobalSection(SolutionProperties) = preSolution
		HideSolutionNode = FALSE
	EndGlobalSection
	GlobalSection(ExtensibilityGlobals) = postSolution
		SolutionGuid = {1D7CAA11-6552-4931-8BC4-819F7C8AD0D8}
	EndGlobalSection
EndGlobal
